
Microsoft Visual Studio Solution File, Format Version 12.00
# Visual Studio Version 17
VisualStudioVersion = 17.14.36310.24
MinimumVisualStudioVersion = 10.0.40219.1
Project("{FAE04EC0-301F-11D3-BF4B-00C04F79EFBC}") = "LMS.Web", "LMS.Web\LMS.Web.csproj", "{7CE26640-FC15-41A3-90A5-E5CA470987D0}"
EndProject
Project("{FAE04EC0-301F-11D3-BF4B-00C04F79EFBC}") = "LMS.Core", "LMS.Core\LMS.Core.csproj", "{0C6C4109-D17B-4091-9661-92E4EB0E47AA}"
EndProject
Project("{FAE04EC0-301F-11D3-BF4B-00C04F79EFBC}") = "LMS.Data", "LMS.Data\LMS.Data.csproj", "{5A413EFC-E1A4-4696-B88E-077635C2ABA5}"
EndProject
Project("{FAE04EC0-301F-11D3-BF4B-00C04F79EFBC}") = "LMS.Service", "LMS.Service\LMS.Service.csproj", "{FB093F5C-F68E-44F4-B70D-A72FB7CCD7F2}"
EndProject
Project("{FAE04EC0-301F-11D3-BF4B-00C04F79EFBC}") = "LMS.Tests", "LMS.Test\LMS.Tests.csproj", "{07056F59-F985-4BFD-8C31-CDFA77E75A3B}"
EndProject
Global
	GlobalSection(SolutionConfigurationPlatforms) = preSolution
		Debug|Any CPU = Debug|Any CPU
		Release|Any CPU = Release|Any CPU
	EndGlobalSection
	GlobalSection(ProjectConfigurationPlatforms) = postSolution
		{7CE26640-FC15-41A3-90A5-E5CA470987D0}.Debug|Any CPU.ActiveCfg = Debug|Any CPU
		{7CE26640-FC15-41A3-90A5-E5CA470987D0}.Debug|Any CPU.Build.0 = Debug|Any CPU
		{7CE26640-FC15-41A3-90A5-E5CA470987D0}.Release|Any CPU.ActiveCfg = Release|Any CPU
		{7CE26640-FC15-41A3-90A5-E5CA470987D0}.Release|Any CPU.Build.0 = Release|Any CPU
		{0C6C4109-D17B-4091-9661-92E4EB0E47AA}.Debug|Any CPU.ActiveCfg = Debug|Any CPU
		{0C6C4109-D17B-4091-9661-92E4EB0E47AA}.Debug|Any CPU.Build.0 = Debug|Any CPU
		{0C6C4109-D17B-4091-9661-92E4EB0E47AA}.Release|Any CPU.ActiveCfg = Release|Any CPU
		{0C6C4109-D17B-4091-9661-92E4EB0E47AA}.Release|Any CPU.Build.0 = Release|Any CPU
		{5A413EFC-E1A4-4696-B88E-077635C2ABA5}.Debug|Any CPU.ActiveCfg = Debug|Any CPU
		{5A413EFC-E1A4-4696-B88E-077635C2ABA5}.Debug|Any CPU.Build.0 = Debug|Any CPU
		{5A413EFC-E1A4-4696-B88E-077635C2ABA5}.Release|Any CPU.ActiveCfg = Release|Any CPU
		{5A413EFC-E1A4-4696-B88E-077635C2ABA5}.Release|Any CPU.Build.0 = Release|Any CPU
		{FB093F5C-F68E-44F4-B70D-A72FB7CCD7F2}.Debug|Any CPU.ActiveCfg = Debug|Any CPU
		{FB093F5C-F68E-44F4-B70D-A72FB7CCD7F2}.Debug|Any CPU.Build.0 = Debug|Any CPU
		{FB093F5C-F68E-44F4-B70D-A72FB7CCD7F2}.Release|Any CPU.ActiveCfg = Release|Any CPU
		{FB093F5C-F68E-44F4-B70D-A72FB7CCD7F2}.Release|Any CPU.Build.0 = Release|Any CPU
		{07056F59-F985-4BFD-8C31-CDFA77E75A3B}.Debug|Any CPU.ActiveCfg = Debug|Any CPU
		{07056F59-F985-4BFD-8C31-CDFA77E75A3B}.Debug|Any CPU.Build.0 = Debug|Any CPU
		{07056F59-F985-4BFD-8C31-CDFA77E75A3B}.Release|Any CPU.ActiveCfg = Release|Any CPU
		{07056F59-F985-4BFD-8C31-CDFA77E75A3B}.Release|Any CPU.Build.0 = Release|Any CPU
	EndGlobalSection
	GlobalSection(SolutionProperties) = preSolution
		HideSolutionNode = FALSE
	EndGlobalSection
	GlobalSection(ExtensibilityGlobals) = postSolution
		SolutionGuid = {986D0DCF-EB42-4B96-AD66-F7A39AE5B34F}
	EndGlobalSection
EndGlobal
